
Microsoft Visual Studio Solution File, Format Version 12.00
# Visual Studio Version 16
VisualStudioVersion = 16.0.30204.135
MinimumVisualStudioVersion = 10.0.40219.1
Project("{FAE04EC0-301F-11D3-BF4B-00C04F79EFBC}") = "mtanksl.OpenTibia.Data", "mtanksl.OpenTibia.Data\mtanksl.OpenTibia.Data.csproj", "{8A8EEDA8-933C-4B50-9FB4-41E38EBC894B}"
EndProject
Project("{FAE04EC0-301F-11D3-BF4B-00C04F79EFBC}") = "mtanksl.OpenTibia.Security", "mtanksl.OpenTibia.Security\mtanksl.OpenTibia.Security.csproj", "{CC655792-E0A5-41E6-9DAB-7FF8B089A6EB}"
EndProject
Project("{FAE04EC0-301F-11D3-BF4B-00C04F79EFBC}") = "mtanksl.OpenTibia.IO", "mtanksl.OpenTibia.IO\mtanksl.OpenTibia.IO.csproj", "{335C75E2-BAA9-4BD7-8982-30F498906726}"
EndProject
Project("{FAE04EC0-301F-11D3-BF4B-00C04F79EFBC}") = "mtanksl.OpenTibia.Threading", "mtanksl.OpenTibia.Threading\mtanksl.OpenTibia.Threading.csproj", "{18E3DF48-31E5-4485-AA9B-C9FF9A21EA8C}"
EndProject
Project("{FAE04EC0-301F-11D3-BF4B-00C04F79EFBC}") = "mtanksl.OpenTibia.Common", "mtanksl.OpenTibia.Common\mtanksl.OpenTibia.Common.csproj", "{B0A04C47-6F1F-4899-A69D-C30C4FB3C578}"
EndProject
Project("{FAE04EC0-301F-11D3-BF4B-00C04F79EFBC}") = "mtanksl.OpenTibia.Network", "mtanksl.OpenTibia.Network\mtanksl.OpenTibia.Network.csproj", "{543812C5-B886-44AD-A8E2-5281E0E49866}"
EndProject
Project("{FAE04EC0-301F-11D3-BF4B-00C04F79EFBC}") = "mtanksl.OpenTibia.FileFormats", "mtanksl.OpenTibia.FileFormats\mtanksl.OpenTibia.FileFormats.csproj", "{9CEA17EC-40C6-4585-84F7-C820F66EE051}"
EndProject
Project("{FAE04EC0-301F-11D3-BF4B-00C04F79EFBC}") = "mtanksl.OpenTibia.Game", "mtanksl.OpenTibia.Game\mtanksl.OpenTibia.Game.csproj", "{B1133F0B-9819-4931-969F-3DC637F7F7D2}"
EndProject
Project("{FAE04EC0-301F-11D3-BF4B-00C04F79EFBC}") = "mtanksl.OpenTibia.Host", "mtanksl.OpenTibia.Host\mtanksl.OpenTibia.Host.csproj", "{99EDEB89-2A3F-444B-8684-7E30B27B600F}"
EndProject
Project("{FAE04EC0-301F-11D3-BF4B-00C04F79EFBC}") = "mtanksl.OpenTibia.Proxy", "mtanksl.OpenTibia.Proxy\mtanksl.OpenTibia.Proxy.csproj", "{AC591C7E-334A-4A12-9294-62756664CC0B}"
EndProject
Project("{2150E333-8FDC-42A3-9474-1A3956D46DE8}") = "Tools", "Tools", "{65061B4D-2938-4A13-923B-947994FA57DF}"
EndProject
Global
	GlobalSection(SolutionConfigurationPlatforms) = preSolution
		Debug|Any CPU = Debug|Any CPU
		Debug|x64 = Debug|x64
		Release|Any CPU = Release|Any CPU
		Release|x64 = Release|x64
	EndGlobalSection
	GlobalSection(ProjectConfigurationPlatforms) = postSolution
		{8A8EEDA8-933C-4B50-9FB4-41E38EBC894B}.Debug|Any CPU.ActiveCfg = Debug|Any CPU
		{8A8EEDA8-933C-4B50-9FB4-41E38EBC894B}.Debug|Any CPU.Build.0 = Debug|Any CPU
		{8A8EEDA8-933C-4B50-9FB4-41E38EBC894B}.Debug|x64.ActiveCfg = Debug|Any CPU
		{8A8EEDA8-933C-4B50-9FB4-41E38EBC894B}.Debug|x64.Build.0 = Debug|Any CPU
		{8A8EEDA8-933C-4B50-9FB4-41E38EBC894B}.Release|Any CPU.ActiveCfg = Release|Any CPU
		{8A8EEDA8-933C-4B50-9FB4-41E38EBC894B}.Release|Any CPU.Build.0 = Release|Any CPU
		{8A8EEDA8-933C-4B50-9FB4-41E38EBC894B}.Release|x64.ActiveCfg = Release|Any CPU
		{8A8EEDA8-933C-4B50-9FB4-41E38EBC894B}.Release|x64.Build.0 = Release|Any CPU
		{CC655792-E0A5-41E6-9DAB-7FF8B089A6EB}.Debug|Any CPU.ActiveCfg = Debug|Any CPU
		{CC655792-E0A5-41E6-9DAB-7FF8B089A6EB}.Debug|Any CPU.Build.0 = Debug|Any CPU
		{CC655792-E0A5-41E6-9DAB-7FF8B089A6EB}.Debug|x64.ActiveCfg = Debug|Any CPU
		{CC655792-E0A5-41E6-9DAB-7FF8B089A6EB}.Debug|x64.Build.0 = Debug|Any CPU
		{CC655792-E0A5-41E6-9DAB-7FF8B089A6EB}.Release|Any CPU.ActiveCfg = Release|Any CPU
		{CC655792-E0A5-41E6-9DAB-7FF8B089A6EB}.Release|Any CPU.Build.0 = Release|Any CPU
		{CC655792-E0A5-41E6-9DAB-7FF8B089A6EB}.Release|x64.ActiveCfg = Release|Any CPU
		{CC655792-E0A5-41E6-9DAB-7FF8B089A6EB}.Release|x64.Build.0 = Release|Any CPU
		{335C75E2-BAA9-4BD7-8982-30F498906726}.Debug|Any CPU.ActiveCfg = Debug|Any CPU
		{335C75E2-BAA9-4BD7-8982-30F498906726}.Debug|Any CPU.Build.0 = Debug|Any CPU
		{335C75E2-BAA9-4BD7-8982-30F498906726}.Debug|x64.ActiveCfg = Debug|Any CPU
		{335C75E2-BAA9-4BD7-8982-30F498906726}.Debug|x64.Build.0 = Debug|Any CPU
		{335C75E2-BAA9-4BD7-8982-30F498906726}.Release|Any CPU.ActiveCfg = Release|Any CPU
		{335C75E2-BAA9-4BD7-8982-30F498906726}.Release|Any CPU.Build.0 = Release|Any CPU
		{335C75E2-BAA9-4BD7-8982-30F498906726}.Release|x64.ActiveCfg = Release|Any CPU
		{335C75E2-BAA9-4BD7-8982-30F498906726}.Release|x64.Build.0 = Release|Any CPU
		{18E3DF48-31E5-4485-AA9B-C9FF9A21EA8C}.Debug|Any CPU.ActiveCfg = Debug|Any CPU
		{18E3DF48-31E5-4485-AA9B-C9FF9A21EA8C}.Debug|Any CPU.Build.0 = Debug|Any CPU
		{18E3DF48-31E5-4485-AA9B-C9FF9A21EA8C}.Debug|x64.ActiveCfg = Debug|Any CPU
		{18E3DF48-31E5-4485-AA9B-C9FF9A21EA8C}.Debug|x64.Build.0 = Debug|Any CPU
		{18E3DF48-31E5-4485-AA9B-C9FF9A21EA8C}.Release|Any CPU.ActiveCfg = Release|Any CPU
		{18E3DF48-31E5-4485-AA9B-C9FF9A21EA8C}.Release|Any CPU.Build.0 = Release|Any CPU
		{18E3DF48-31E5-4485-AA9B-C9FF9A21EA8C}.Release|x64.ActiveCfg = Release|Any CPU
		{18E3DF48-31E5-4485-AA9B-C9FF9A21EA8C}.Release|x64.Build.0 = Release|Any CPU
		{B0A04C47-6F1F-4899-A69D-C30C4FB3C578}.Debug|Any CPU.ActiveCfg = Debug|Any CPU
		{B0A04C47-6F1F-4899-A69D-C30C4FB3C578}.Debug|Any CPU.Build.0 = Debug|Any CPU
		{B0A04C47-6F1F-4899-A69D-C30C4FB3C578}.Debug|x64.ActiveCfg = Debug|Any CPU
		{B0A04C47-6F1F-4899-A69D-C30C4FB3C578}.Debug|x64.Build.0 = Debug|Any CPU
		{B0A04C47-6F1F-4899-A69D-C30C4FB3C578}.Release|Any CPU.ActiveCfg = Release|Any CPU
		{B0A04C47-6F1F-4899-A69D-C30C4FB3C578}.Release|Any CPU.Build.0 = Release|Any CPU
		{B0A04C47-6F1F-4899-A69D-C30C4FB3C578}.Release|x64.ActiveCfg = Release|Any CPU
		{B0A04C47-6F1F-4899-A69D-C30C4FB3C578}.Release|x64.Build.0 = Release|Any CPU
		{543812C5-B886-44AD-A8E2-5281E0E49866}.Debug|Any CPU.ActiveCfg = Debug|Any CPU
		{543812C5-B886-44AD-A8E2-5281E0E49866}.Debug|Any CPU.Build.0 = Debug|Any CPU
		{543812C5-B886-44AD-A8E2-5281E0E49866}.Debug|x64.ActiveCfg = Debug|Any CPU
		{543812C5-B886-44AD-A8E2-5281E0E49866}.Debug|x64.Build.0 = Debug|Any CPU
		{543812C5-B886-44AD-A8E2-5281E0E49866}.Release|Any CPU.ActiveCfg = Release|Any CPU
		{543812C5-B886-44AD-A8E2-5281E0E49866}.Release|Any CPU.Build.0 = Release|Any CPU
		{543812C5-B886-44AD-A8E2-5281E0E49866}.Release|x64.ActiveCfg = Release|Any CPU
		{543812C5-B886-44AD-A8E2-5281E0E49866}.Release|x64.Build.0 = Release|Any CPU
		{9CEA17EC-40C6-4585-84F7-C820F66EE051}.Debug|Any CPU.ActiveCfg = Debug|Any CPU
		{9CEA17EC-40C6-4585-84F7-C820F66EE051}.Debug|Any CPU.Build.0 = Debug|Any CPU
		{9CEA17EC-40C6-4585-84F7-C820F66EE051}.Debug|x64.ActiveCfg = Debug|Any CPU
		{9CEA17EC-40C6-4585-84F7-C820F66EE051}.Debug|x64.Build.0 = Debug|Any CPU
		{9CEA17EC-40C6-4585-84F7-C820F66EE051}.Release|Any CPU.ActiveCfg = Release|Any CPU
		{9CEA17EC-40C6-4585-84F7-C820F66EE051}.Release|Any CPU.Build.0 = Release|Any CPU
		{9CEA17EC-40C6-4585-84F7-C820F66EE051}.Release|x64.ActiveCfg = Release|Any CPU
		{9CEA17EC-40C6-4585-84F7-C820F66EE051}.Release|x64.Build.0 = Release|Any CPU
		{B1133F0B-9819-4931-969F-3DC637F7F7D2}.Debug|Any CPU.ActiveCfg = Debug|Any CPU
		{B1133F0B-9819-4931-969F-3DC637F7F7D2}.Debug|Any CPU.Build.0 = Debug|Any CPU
		{B1133F0B-9819-4931-969F-3DC637F7F7D2}.Debug|x64.ActiveCfg = Debug|Any CPU
		{B1133F0B-9819-4931-969F-3DC637F7F7D2}.Debug|x64.Build.0 = Debug|Any CPU
		{B1133F0B-9819-4931-969F-3DC637F7F7D2}.Release|Any CPU.ActiveCfg = Release|Any CPU
		{B1133F0B-9819-4931-969F-3DC637F7F7D2}.Release|Any CPU.Build.0 = Release|Any CPU
		{B1133F0B-9819-4931-969F-3DC637F7F7D2}.Release|x64.ActiveCfg = Release|Any CPU
		{B1133F0B-9819-4931-969F-3DC637F7F7D2}.Release|x64.Build.0 = Release|Any CPU
		{99EDEB89-2A3F-444B-8684-7E30B27B600F}.Debug|Any CPU.ActiveCfg = Debug|Any CPU
		{99EDEB89-2A3F-444B-8684-7E30B27B600F}.Debug|Any CPU.Build.0 = Debug|Any CPU
		{99EDEB89-2A3F-444B-8684-7E30B27B600F}.Debug|x64.ActiveCfg = Debug|Any CPU
		{99EDEB89-2A3F-444B-8684-7E30B27B600F}.Debug|x64.Build.0 = Debug|Any CPU
		{99EDEB89-2A3F-444B-8684-7E30B27B600F}.Release|Any CPU.ActiveCfg = Release|Any CPU
		{99EDEB89-2A3F-444B-8684-7E30B27B600F}.Release|Any CPU.Build.0 = Release|Any CPU
		{99EDEB89-2A3F-444B-8684-7E30B27B600F}.Release|x64.ActiveCfg = Release|Any CPU
		{99EDEB89-2A3F-444B-8684-7E30B27B600F}.Release|x64.Build.0 = Release|Any CPU
		{AC591C7E-334A-4A12-9294-62756664CC0B}.Debug|Any CPU.ActiveCfg = Debug|Any CPU
		{AC591C7E-334A-4A12-9294-62756664CC0B}.Debug|Any CPU.Build.0 = Debug|Any CPU
		{AC591C7E-334A-4A12-9294-62756664CC0B}.Debug|x64.ActiveCfg = Debug|Any CPU
		{AC591C7E-334A-4A12-9294-62756664CC0B}.Debug|x64.Build.0 = Debug|Any CPU
		{AC591C7E-334A-4A12-9294-62756664CC0B}.Release|Any CPU.ActiveCfg = Release|Any CPU
		{AC591C7E-334A-4A12-9294-62756664CC0B}.Release|Any CPU.Build.0 = Release|Any CPU
		{AC591C7E-334A-4A12-9294-62756664CC0B}.Release|x64.ActiveCfg = Release|Any CPU
		{AC591C7E-334A-4A12-9294-62756664CC0B}.Release|x64.Build.0 = Release|Any CPU
	EndGlobalSection
	GlobalSection(SolutionProperties) = preSolution
		HideSolutionNode = FALSE
	EndGlobalSection
	GlobalSection(NestedProjects) = preSolution
		{AC591C7E-334A-4A12-9294-62756664CC0B} = {65061B4D-2938-4A13-923B-947994FA57DF}
	EndGlobalSection
	GlobalSection(ExtensibilityGlobals) = postSolution
		SolutionGuid = {92639E7B-CD2A-40A0-89B0-DCF462B2A027}
	EndGlobalSection
EndGlobal
